{
  "name": "storeapp",
  "version": "1.0.0",
  "lockfileVersion": 3,
  "requires": true,
  "packages": {
    "": {
      "name": "storeapp",
      "version": "1.0.0",
      "license": "ISC",
      "dependencies": {
        "taxlib": "file:../TaxLib"
      }
    },
    "../TaxLib": {
      "name": "taxlib",
      "version": "1.0.0",
      "license": "ISC"
    },
    "node_modules/taxlib": {
      "resolved": "../TaxLib",
      "link": true
    }
  }
}
