{
  "name": "store-app",
  "version": "1.0.0",
  "lockfileVersion": 3,
  "requires": true,
  "packages": {
    "": {
      "name": "store-app",
      "version": "1.0.0",
      "license": "ISC",
      "dependencies": {
        "taxeslib": "file:../Libraries/TaxesLib"
      }
    },
    "node_modules/taxeslib": {
      "version": "1.0.0",
      "resolved": "file:../Libraries/TaxesLib"
    }
  }
}
